
Microsoft Visual Studio Solution File, Format Version 12.00
# Visual Studio 14
VisualStudioVersion = 14.0.25420.1
MinimumVisualStudioVersion = 10.0.40219.1
Project("{FAE04EC0-301F-11D3-BF4B-00C04F79EFBC}") = "Workshop1", "Workshop1\Workshop1.csproj", "{AD3A420D-39C2-4AB1-9F70-8655D7E8F519}"
	ProjectSection(ProjectDependencies) = postProject
		{187E8876-7A83-4BCA-ACB4-352ECFB3E814} = {187E8876-7A83-4BCA-ACB4-352ECFB3E814}
	EndProjectSection
EndProject
Project("{FAE04EC0-301F-11D3-BF4B-00C04F79EFBC}") = "SimpleWebApp", "SimpleWebApp\SimpleWebApp.csproj", "{187E8876-7A83-4BCA-ACB4-352ECFB3E814}"
EndProject
Project("{FAE04EC0-301F-11D3-BF4B-00C04F79EFBC}") = "ClientNet4", "ClientNet4\ClientNet4.csproj", "{24200541-E1D8-4FF0-B944-5549AAF231A6}"
	ProjectSection(ProjectDependencies) = postProject
		{187E8876-7A83-4BCA-ACB4-352ECFB3E814} = {187E8876-7A83-4BCA-ACB4-352ECFB3E814}
	EndProjectSection
EndProject
Global
	GlobalSection(SolutionConfigurationPlatforms) = preSolution
		Debug|Any CPU = Debug|Any CPU
		Release|Any CPU = Release|Any CPU
	EndGlobalSection
	GlobalSection(ProjectConfigurationPlatforms) = postSolution
		{AD3A420D-39C2-4AB1-9F70-8655D7E8F519}.Debug|Any CPU.ActiveCfg = Debug|Any CPU
		{AD3A420D-39C2-4AB1-9F70-8655D7E8F519}.Debug|Any CPU.Build.0 = Debug|Any CPU
		{AD3A420D-39C2-4AB1-9F70-8655D7E8F519}.Release|Any CPU.ActiveCfg = Release|Any CPU
		{AD3A420D-39C2-4AB1-9F70-8655D7E8F519}.Release|Any CPU.Build.0 = Release|Any CPU
		{187E8876-7A83-4BCA-ACB4-352ECFB3E814}.Debug|Any CPU.ActiveCfg = Debug|Any CPU
		{187E8876-7A83-4BCA-ACB4-352ECFB3E814}.Debug|Any CPU.Build.0 = Debug|Any CPU
		{187E8876-7A83-4BCA-ACB4-352ECFB3E814}.Release|Any CPU.ActiveCfg = Release|Any CPU
		{187E8876-7A83-4BCA-ACB4-352ECFB3E814}.Release|Any CPU.Build.0 = Release|Any CPU
		{24200541-E1D8-4FF0-B944-5549AAF231A6}.Debug|Any CPU.ActiveCfg = Debug|Any CPU
		{24200541-E1D8-4FF0-B944-5549AAF231A6}.Debug|Any CPU.Build.0 = Debug|Any CPU
		{24200541-E1D8-4FF0-B944-5549AAF231A6}.Release|Any CPU.ActiveCfg = Release|Any CPU
		{24200541-E1D8-4FF0-B944-5549AAF231A6}.Release|Any CPU.Build.0 = Release|Any CPU
	EndGlobalSection
	GlobalSection(SolutionProperties) = preSolution
		HideSolutionNode = FALSE
	EndGlobalSection
EndGlobal
