
Microsoft Visual Studio Solution File, Format Version 12.00
# Visual Studio 14
VisualStudioVersion = 14.0.25420.1
MinimumVisualStudioVersion = 10.0.40219.1
Project("{FAE04EC0-301F-11D3-BF4B-00C04F79EFBC}") = "LabSwparkWs1", "LabSwparkWs1\LabSwparkWs1.csproj", "{0FE6913E-7DD3-4957-BF55-FA4CC2EB6EAD}"
EndProject
Project("{FAE04EC0-301F-11D3-BF4B-00C04F79EFBC}") = "DemoOO", "DemoOO\DemoOO.csproj", "{F717F35B-669C-44F0-BF30-36670F6A9249}"
EndProject
Project("{FAE04EC0-301F-11D3-BF4B-00C04F79EFBC}") = "DemoREST", "DemoREST\DemoREST.csproj", "{DC85ACF0-312A-4403-B31B-36006633D47F}"
EndProject
Project("{FAE04EC0-301F-11D3-BF4B-00C04F79EFBC}") = "DemoClassFamily", "DemoClassFamily\DemoClassFamily.csproj", "{1EAFBFA0-1732-4B04-B310-D049B5B1C905}"
EndProject
Project("{FAE04EC0-301F-11D3-BF4B-00C04F79EFBC}") = "DemoClassFamilyClient", "DemoClassFamilyClient\DemoClassFamilyClient.csproj", "{4B03FD20-4565-4BEC-AA29-0377B38CE35D}"
	ProjectSection(ProjectDependencies) = postProject
		{1EAFBFA0-1732-4B04-B310-D049B5B1C905} = {1EAFBFA0-1732-4B04-B310-D049B5B1C905}
	EndProjectSection
EndProject
Project("{FAE04EC0-301F-11D3-BF4B-00C04F79EFBC}") = "DemoWcfRest", "DemoWcfRest\DemoWcfRest.csproj", "{131FC3D9-0A6E-4EC1-94A3-A26AEC6017DB}"
EndProject
Project("{FAE04EC0-301F-11D3-BF4B-00C04F79EFBC}") = "DemoDataService", "DemoDataService\DemoDataService.csproj", "{5CBBECB2-2B60-4E18-9B39-B77EE7391557}"
EndProject
Project("{FAE04EC0-301F-11D3-BF4B-00C04F79EFBC}") = "DemoDataServiceClient", "DemoDataServiceClient\DemoDataServiceClient.csproj", "{352BACA1-32E0-4326-A82F-7C4C5D42EAF8}"
EndProject
Global
	GlobalSection(SolutionConfigurationPlatforms) = preSolution
		Debug|Any CPU = Debug|Any CPU
		Release|Any CPU = Release|Any CPU
	EndGlobalSection
	GlobalSection(ProjectConfigurationPlatforms) = postSolution
		{0FE6913E-7DD3-4957-BF55-FA4CC2EB6EAD}.Debug|Any CPU.ActiveCfg = Debug|Any CPU
		{0FE6913E-7DD3-4957-BF55-FA4CC2EB6EAD}.Debug|Any CPU.Build.0 = Debug|Any CPU
		{0FE6913E-7DD3-4957-BF55-FA4CC2EB6EAD}.Release|Any CPU.ActiveCfg = Release|Any CPU
		{0FE6913E-7DD3-4957-BF55-FA4CC2EB6EAD}.Release|Any CPU.Build.0 = Release|Any CPU
		{F717F35B-669C-44F0-BF30-36670F6A9249}.Debug|Any CPU.ActiveCfg = Debug|Any CPU
		{F717F35B-669C-44F0-BF30-36670F6A9249}.Debug|Any CPU.Build.0 = Debug|Any CPU
		{F717F35B-669C-44F0-BF30-36670F6A9249}.Release|Any CPU.ActiveCfg = Release|Any CPU
		{F717F35B-669C-44F0-BF30-36670F6A9249}.Release|Any CPU.Build.0 = Release|Any CPU
		{DC85ACF0-312A-4403-B31B-36006633D47F}.Debug|Any CPU.ActiveCfg = Debug|Any CPU
		{DC85ACF0-312A-4403-B31B-36006633D47F}.Debug|Any CPU.Build.0 = Debug|Any CPU
		{DC85ACF0-312A-4403-B31B-36006633D47F}.Release|Any CPU.ActiveCfg = Release|Any CPU
		{DC85ACF0-312A-4403-B31B-36006633D47F}.Release|Any CPU.Build.0 = Release|Any CPU
		{1EAFBFA0-1732-4B04-B310-D049B5B1C905}.Debug|Any CPU.ActiveCfg = Debug|Any CPU
		{1EAFBFA0-1732-4B04-B310-D049B5B1C905}.Debug|Any CPU.Build.0 = Debug|Any CPU
		{1EAFBFA0-1732-4B04-B310-D049B5B1C905}.Release|Any CPU.ActiveCfg = Release|Any CPU
		{1EAFBFA0-1732-4B04-B310-D049B5B1C905}.Release|Any CPU.Build.0 = Release|Any CPU
		{4B03FD20-4565-4BEC-AA29-0377B38CE35D}.Debug|Any CPU.ActiveCfg = Debug|Any CPU
		{4B03FD20-4565-4BEC-AA29-0377B38CE35D}.Debug|Any CPU.Build.0 = Debug|Any CPU
		{4B03FD20-4565-4BEC-AA29-0377B38CE35D}.Release|Any CPU.ActiveCfg = Release|Any CPU
		{4B03FD20-4565-4BEC-AA29-0377B38CE35D}.Release|Any CPU.Build.0 = Release|Any CPU
		{131FC3D9-0A6E-4EC1-94A3-A26AEC6017DB}.Debug|Any CPU.ActiveCfg = Debug|Any CPU
		{131FC3D9-0A6E-4EC1-94A3-A26AEC6017DB}.Debug|Any CPU.Build.0 = Debug|Any CPU
		{131FC3D9-0A6E-4EC1-94A3-A26AEC6017DB}.Release|Any CPU.ActiveCfg = Release|Any CPU
		{131FC3D9-0A6E-4EC1-94A3-A26AEC6017DB}.Release|Any CPU.Build.0 = Release|Any CPU
		{5CBBECB2-2B60-4E18-9B39-B77EE7391557}.Debug|Any CPU.ActiveCfg = Debug|Any CPU
		{5CBBECB2-2B60-4E18-9B39-B77EE7391557}.Debug|Any CPU.Build.0 = Debug|Any CPU
		{5CBBECB2-2B60-4E18-9B39-B77EE7391557}.Release|Any CPU.ActiveCfg = Release|Any CPU
		{5CBBECB2-2B60-4E18-9B39-B77EE7391557}.Release|Any CPU.Build.0 = Release|Any CPU
		{352BACA1-32E0-4326-A82F-7C4C5D42EAF8}.Debug|Any CPU.ActiveCfg = Debug|Any CPU
		{352BACA1-32E0-4326-A82F-7C4C5D42EAF8}.Debug|Any CPU.Build.0 = Debug|Any CPU
		{352BACA1-32E0-4326-A82F-7C4C5D42EAF8}.Release|Any CPU.ActiveCfg = Release|Any CPU
		{352BACA1-32E0-4326-A82F-7C4C5D42EAF8}.Release|Any CPU.Build.0 = Release|Any CPU
	EndGlobalSection
	GlobalSection(SolutionProperties) = preSolution
		HideSolutionNode = FALSE
	EndGlobalSection
EndGlobal
